
Microsoft Visual Studio Solution File, Format Version 12.00
# Visual Studio 15
VisualStudioVersion = 15.0.27428.2015
MinimumVisualStudioVersion = 10.0.40219.1
Project("{FAE04EC0-301F-11D3-BF4B-00C04F79EFBC}") = "VlalV_20180323", "VlalV_20180323\VlalV_20180323.csproj", "{B841A7F1-20D9-4391-9FD8-6244DB5A8C3D}"
EndProject
Global
	GlobalSection(SolutionConfigurationPlatforms) = preSolution
		Debug|Any CPU = Debug|Any CPU
		Release|Any CPU = Release|Any CPU
	EndGlobalSection
	GlobalSection(ProjectConfigurationPlatforms) = postSolution
		{B841A7F1-20D9-4391-9FD8-6244DB5A8C3D}.Debug|Any CPU.ActiveCfg = Debug|Any CPU
		{B841A7F1-20D9-4391-9FD8-6244DB5A8C3D}.Debug|Any CPU.Build.0 = Debug|Any CPU
		{B841A7F1-20D9-4391-9FD8-6244DB5A8C3D}.Release|Any CPU.ActiveCfg = Release|Any CPU
		{B841A7F1-20D9-4391-9FD8-6244DB5A8C3D}.Release|Any CPU.Build.0 = Release|Any CPU
	EndGlobalSection
	GlobalSection(SolutionProperties) = preSolution
		HideSolutionNode = FALSE
	EndGlobalSection
	GlobalSection(ExtensibilityGlobals) = postSolution
		SolutionGuid = {92EB91A2-347A-41AC-9813-88AEA8758D5B}
	EndGlobalSection
EndGlobal
